
Microsoft Visual Studio Solution File, Format Version 12.00
# Visual Studio Version 16
VisualStudioVersion = 16.0.29613.14
MinimumVisualStudioVersion = 10.0.40219.1
Project("{9A19103F-16F7-4668-BE54-9A1E7A4F7556}") = "SS.Tests", "SS.Tests\SS.Tests.csproj", "{43674D0B-ACBB-4FF3-916C-9783E2CE302C}"
EndProject
Project("{9A19103F-16F7-4668-BE54-9A1E7A4F7556}") = "SS", "SS\SS.csproj", "{7DE68AFA-CFD8-4EE7-83AB-D824BAF8C657}"
EndProject
Project("{FAE04EC0-301F-11D3-BF4B-00C04F79EFBC}") = "Test", "Test\Test.csproj", "{2644956D-9DCC-4B7E-B8E1-13D2EAA01677}"
EndProject
Global
	GlobalSection(SolutionConfigurationPlatforms) = preSolution
		Debug|Any CPU = Debug|Any CPU
		Release|Any CPU = Release|Any CPU
	EndGlobalSection
	GlobalSection(ProjectConfigurationPlatforms) = postSolution
		{43674D0B-ACBB-4FF3-916C-9783E2CE302C}.Debug|Any CPU.ActiveCfg = Debug|Any CPU
		{43674D0B-ACBB-4FF3-916C-9783E2CE302C}.Debug|Any CPU.Build.0 = Debug|Any CPU
		{43674D0B-ACBB-4FF3-916C-9783E2CE302C}.Release|Any CPU.ActiveCfg = Release|Any CPU
		{43674D0B-ACBB-4FF3-916C-9783E2CE302C}.Release|Any CPU.Build.0 = Release|Any CPU
		{7DE68AFA-CFD8-4EE7-83AB-D824BAF8C657}.Debug|Any CPU.ActiveCfg = Debug|Any CPU
		{7DE68AFA-CFD8-4EE7-83AB-D824BAF8C657}.Debug|Any CPU.Build.0 = Debug|Any CPU
		{7DE68AFA-CFD8-4EE7-83AB-D824BAF8C657}.Release|Any CPU.ActiveCfg = Release|Any CPU
		{7DE68AFA-CFD8-4EE7-83AB-D824BAF8C657}.Release|Any CPU.Build.0 = Release|Any CPU
		{2644956D-9DCC-4B7E-B8E1-13D2EAA01677}.Debug|Any CPU.ActiveCfg = Debug|Any CPU
		{2644956D-9DCC-4B7E-B8E1-13D2EAA01677}.Debug|Any CPU.Build.0 = Debug|Any CPU
		{2644956D-9DCC-4B7E-B8E1-13D2EAA01677}.Release|Any CPU.ActiveCfg = Release|Any CPU
		{2644956D-9DCC-4B7E-B8E1-13D2EAA01677}.Release|Any CPU.Build.0 = Release|Any CPU
	EndGlobalSection
	GlobalSection(SolutionProperties) = preSolution
		HideSolutionNode = FALSE
	EndGlobalSection
	GlobalSection(ExtensibilityGlobals) = postSolution
		SolutionGuid = {67E31F99-A61E-49D4-870C-B5D5E6AFD669}
	EndGlobalSection
EndGlobal
